dependencies:
- name: app
  repository: https://raw.githubusercontent.com/stackworx/charts/master
  version: 0.3.0
- name: app
  repository: https://raw.githubusercontent.com/stackworx/charts/master
  version: 0.3.0
digest: sha256:9b723a0124445cd165d5494bec5e15befca71314e4e2dab2d751db00923dcebd
generated: "2020-03-23T00:59:17.064208+02:00"
